
Microsoft Visual Studio Solution File, Format Version 12.00
# Visual Studio Version 17
VisualStudioVersion = 17.8.34322.80
MinimumVisualStudioVersion = 10.0.40219.1
Project("{9A19103F-16F7-4668-BE54-9A1E7A4F7556}") = "Laskin", "Laskin\Laskin.csproj", "{7AA19949-6934-4999-A868-7C86BE006DB0}"
EndProject
Project("{9A19103F-16F7-4668-BE54-9A1E7A4F7556}") = "JuoksevaNumero", "JuoksevaNumero\JuoksevaNumero.csproj", "{DD037921-E8D7-45D4-B6CF-FE42BCCACB66}"
EndProject
Global
	GlobalSection(SolutionConfigurationPlatforms) = preSolution
		Debug|Any CPU = Debug|Any CPU
		Release|Any CPU = Release|Any CPU
	EndGlobalSection
	GlobalSection(ProjectConfigurationPlatforms) = postSolution
		{7AA19949-6934-4999-A868-7C86BE006DB0}.Debug|Any CPU.ActiveCfg = Debug|Any CPU
		{7AA19949-6934-4999-A868-7C86BE006DB0}.Debug|Any CPU.Build.0 = Debug|Any CPU
		{7AA19949-6934-4999-A868-7C86BE006DB0}.Release|Any CPU.ActiveCfg = Release|Any CPU
		{7AA19949-6934-4999-A868-7C86BE006DB0}.Release|Any CPU.Build.0 = Release|Any CPU
		{DD037921-E8D7-45D4-B6CF-FE42BCCACB66}.Debug|Any CPU.ActiveCfg = Debug|Any CPU
		{DD037921-E8D7-45D4-B6CF-FE42BCCACB66}.Debug|Any CPU.Build.0 = Debug|Any CPU
		{DD037921-E8D7-45D4-B6CF-FE42BCCACB66}.Release|Any CPU.ActiveCfg = Release|Any CPU
		{DD037921-E8D7-45D4-B6CF-FE42BCCACB66}.Release|Any CPU.Build.0 = Release|Any CPU
	EndGlobalSection
	GlobalSection(SolutionProperties) = preSolution
		HideSolutionNode = FALSE
	EndGlobalSection
	GlobalSection(ExtensibilityGlobals) = postSolution
		SolutionGuid = {D6D6672A-E340-43C0-B1E3-0E3EEC5C8ADB}
	EndGlobalSection
EndGlobal
