
Microsoft Visual Studio Solution File, Format Version 12.00
# Visual Studio Version 17
VisualStudioVersion = 17.8.34322.80
MinimumVisualStudioVersion = 10.0.40219.1
Project("{9A19103F-16F7-4668-BE54-9A1E7A4F7556}") = "Laskin", "Laskin\Laskin.csproj", "{7AA19949-6934-4999-A868-7C86BE006DB0}"
EndProject
Project("{9A19103F-16F7-4668-BE54-9A1E7A4F7556}") = "JuoksevaNumero", "JuoksevaNumero\JuoksevaNumero.csproj", "{DD037921-E8D7-45D4-B6CF-FE42BCCACB66}"
EndProject
Project("{FAE04EC0-301F-11D3-BF4B-00C04F79EFBC}") = "TODO", "TODO\TODO.csproj", "{6A520AAB-E91B-41FD-AA4C-B8B180724B43}"
EndProject
Global
	GlobalSection(SolutionConfigurationPlatforms) = preSolution
		Debug|Any CPU = Debug|Any CPU
		Debug|ARM = Debug|ARM
		Debug|ARM64 = Debug|ARM64
		Debug|x64 = Debug|x64
		Debug|x86 = Debug|x86
		Release|Any CPU = Release|Any CPU
		Release|ARM = Release|ARM
		Release|ARM64 = Release|ARM64
		Release|x64 = Release|x64
		Release|x86 = Release|x86
	EndGlobalSection
	GlobalSection(ProjectConfigurationPlatforms) = postSolution
		{7AA19949-6934-4999-A868-7C86BE006DB0}.Debug|Any CPU.ActiveCfg = Debug|Any CPU
		{7AA19949-6934-4999-A868-7C86BE006DB0}.Debug|Any CPU.Build.0 = Debug|Any CPU
		{7AA19949-6934-4999-A868-7C86BE006DB0}.Debug|ARM.ActiveCfg = Debug|Any CPU
		{7AA19949-6934-4999-A868-7C86BE006DB0}.Debug|ARM.Build.0 = Debug|Any CPU
		{7AA19949-6934-4999-A868-7C86BE006DB0}.Debug|ARM64.ActiveCfg = Debug|Any CPU
		{7AA19949-6934-4999-A868-7C86BE006DB0}.Debug|ARM64.Build.0 = Debug|Any CPU
		{7AA19949-6934-4999-A868-7C86BE006DB0}.Debug|x64.ActiveCfg = Debug|Any CPU
		{7AA19949-6934-4999-A868-7C86BE006DB0}.Debug|x64.Build.0 = Debug|Any CPU
		{7AA19949-6934-4999-A868-7C86BE006DB0}.Debug|x86.ActiveCfg = Debug|Any CPU
		{7AA19949-6934-4999-A868-7C86BE006DB0}.Debug|x86.Build.0 = Debug|Any CPU
		{7AA19949-6934-4999-A868-7C86BE006DB0}.Release|Any CPU.ActiveCfg = Release|Any CPU
		{7AA19949-6934-4999-A868-7C86BE006DB0}.Release|Any CPU.Build.0 = Release|Any CPU
		{7AA19949-6934-4999-A868-7C86BE006DB0}.Release|ARM.ActiveCfg = Release|Any CPU
		{7AA19949-6934-4999-A868-7C86BE006DB0}.Release|ARM.Build.0 = Release|Any CPU
		{7AA19949-6934-4999-A868-7C86BE006DB0}.Release|ARM64.ActiveCfg = Release|Any CPU
		{7AA19949-6934-4999-A868-7C86BE006DB0}.Release|ARM64.Build.0 = Release|Any CPU
		{7AA19949-6934-4999-A868-7C86BE006DB0}.Release|x64.ActiveCfg = Release|Any CPU
		{7AA19949-6934-4999-A868-7C86BE006DB0}.Release|x64.Build.0 = Release|Any CPU
		{7AA19949-6934-4999-A868-7C86BE006DB0}.Release|x86.ActiveCfg = Release|Any CPU
		{7AA19949-6934-4999-A868-7C86BE006DB0}.Release|x86.Build.0 = Release|Any CPU
		{DD037921-E8D7-45D4-B6CF-FE42BCCACB66}.Debug|Any CPU.ActiveCfg = Debug|Any CPU
		{DD037921-E8D7-45D4-B6CF-FE42BCCACB66}.Debug|Any CPU.Build.0 = Debug|Any CPU
		{DD037921-E8D7-45D4-B6CF-FE42BCCACB66}.Debug|ARM.ActiveCfg = Debug|Any CPU
		{DD037921-E8D7-45D4-B6CF-FE42BCCACB66}.Debug|ARM.Build.0 = Debug|Any CPU
		{DD037921-E8D7-45D4-B6CF-FE42BCCACB66}.Debug|ARM64.ActiveCfg = Debug|Any CPU
		{DD037921-E8D7-45D4-B6CF-FE42BCCACB66}.Debug|ARM64.Build.0 = Debug|Any CPU
		{DD037921-E8D7-45D4-B6CF-FE42BCCACB66}.Debug|x64.ActiveCfg = Debug|Any CPU
		{DD037921-E8D7-45D4-B6CF-FE42BCCACB66}.Debug|x64.Build.0 = Debug|Any CPU
		{DD037921-E8D7-45D4-B6CF-FE42BCCACB66}.Debug|x86.ActiveCfg = Debug|Any CPU
		{DD037921-E8D7-45D4-B6CF-FE42BCCACB66}.Debug|x86.Build.0 = Debug|Any CPU
		{DD037921-E8D7-45D4-B6CF-FE42BCCACB66}.Release|Any CPU.ActiveCfg = Release|Any CPU
		{DD037921-E8D7-45D4-B6CF-FE42BCCACB66}.Release|Any CPU.Build.0 = Release|Any CPU
		{DD037921-E8D7-45D4-B6CF-FE42BCCACB66}.Release|ARM.ActiveCfg = Release|Any CPU
		{DD037921-E8D7-45D4-B6CF-FE42BCCACB66}.Release|ARM.Build.0 = Release|Any CPU
		{DD037921-E8D7-45D4-B6CF-FE42BCCACB66}.Release|ARM64.ActiveCfg = Release|Any CPU
		{DD037921-E8D7-45D4-B6CF-FE42BCCACB66}.Release|ARM64.Build.0 = Release|Any CPU
		{DD037921-E8D7-45D4-B6CF-FE42BCCACB66}.Release|x64.ActiveCfg = Release|Any CPU
		{DD037921-E8D7-45D4-B6CF-FE42BCCACB66}.Release|x64.Build.0 = Release|Any CPU
		{DD037921-E8D7-45D4-B6CF-FE42BCCACB66}.Release|x86.ActiveCfg = Release|Any CPU
		{DD037921-E8D7-45D4-B6CF-FE42BCCACB66}.Release|x86.Build.0 = Release|Any CPU
		{6A520AAB-E91B-41FD-AA4C-B8B180724B43}.Debug|Any CPU.ActiveCfg = Debug|Any CPU
		{6A520AAB-E91B-41FD-AA4C-B8B180724B43}.Debug|Any CPU.Build.0 = Debug|Any CPU
		{6A520AAB-E91B-41FD-AA4C-B8B180724B43}.Debug|Any CPU.Deploy.0 = Debug|Any CPU
		{6A520AAB-E91B-41FD-AA4C-B8B180724B43}.Debug|ARM.ActiveCfg = Debug|Any CPU
		{6A520AAB-E91B-41FD-AA4C-B8B180724B43}.Debug|ARM.Build.0 = Debug|Any CPU
		{6A520AAB-E91B-41FD-AA4C-B8B180724B43}.Debug|ARM.Deploy.0 = Debug|Any CPU
		{6A520AAB-E91B-41FD-AA4C-B8B180724B43}.Debug|ARM64.ActiveCfg = Debug|Any CPU
		{6A520AAB-E91B-41FD-AA4C-B8B180724B43}.Debug|ARM64.Build.0 = Debug|Any CPU
		{6A520AAB-E91B-41FD-AA4C-B8B180724B43}.Debug|ARM64.Deploy.0 = Debug|Any CPU
		{6A520AAB-E91B-41FD-AA4C-B8B180724B43}.Debug|x64.ActiveCfg = Debug|Any CPU
		{6A520AAB-E91B-41FD-AA4C-B8B180724B43}.Debug|x64.Build.0 = Debug|Any CPU
		{6A520AAB-E91B-41FD-AA4C-B8B180724B43}.Debug|x64.Deploy.0 = Debug|Any CPU
		{6A520AAB-E91B-41FD-AA4C-B8B180724B43}.Debug|x86.ActiveCfg = Debug|Any CPU
		{6A520AAB-E91B-41FD-AA4C-B8B180724B43}.Debug|x86.Build.0 = Debug|Any CPU
		{6A520AAB-E91B-41FD-AA4C-B8B180724B43}.Debug|x86.Deploy.0 = Debug|Any CPU
		{6A520AAB-E91B-41FD-AA4C-B8B180724B43}.Release|Any CPU.ActiveCfg = Release|Any CPU
		{6A520AAB-E91B-41FD-AA4C-B8B180724B43}.Release|Any CPU.Build.0 = Release|Any CPU
		{6A520AAB-E91B-41FD-AA4C-B8B180724B43}.Release|Any CPU.Deploy.0 = Release|Any CPU
		{6A520AAB-E91B-41FD-AA4C-B8B180724B43}.Release|ARM.ActiveCfg = Release|Any CPU
		{6A520AAB-E91B-41FD-AA4C-B8B180724B43}.Release|ARM.Build.0 = Release|Any CPU
		{6A520AAB-E91B-41FD-AA4C-B8B180724B43}.Release|ARM.Deploy.0 = Release|Any CPU
		{6A520AAB-E91B-41FD-AA4C-B8B180724B43}.Release|ARM64.ActiveCfg = Release|Any CPU
		{6A520AAB-E91B-41FD-AA4C-B8B180724B43}.Release|ARM64.Build.0 = Release|Any CPU
		{6A520AAB-E91B-41FD-AA4C-B8B180724B43}.Release|ARM64.Deploy.0 = Release|Any CPU
		{6A520AAB-E91B-41FD-AA4C-B8B180724B43}.Release|x64.ActiveCfg = Release|Any CPU
		{6A520AAB-E91B-41FD-AA4C-B8B180724B43}.Release|x64.Build.0 = Release|Any CPU
		{6A520AAB-E91B-41FD-AA4C-B8B180724B43}.Release|x64.Deploy.0 = Release|Any CPU
		{6A520AAB-E91B-41FD-AA4C-B8B180724B43}.Release|x86.ActiveCfg = Release|Any CPU
		{6A520AAB-E91B-41FD-AA4C-B8B180724B43}.Release|x86.Build.0 = Release|Any CPU
		{6A520AAB-E91B-41FD-AA4C-B8B180724B43}.Release|x86.Deploy.0 = Release|Any CPU
	EndGlobalSection
	GlobalSection(SolutionProperties) = preSolution
		HideSolutionNode = FALSE
	EndGlobalSection
	GlobalSection(ExtensibilityGlobals) = postSolution
		SolutionGuid = {D6D6672A-E340-43C0-B1E3-0E3EEC5C8ADB}
	EndGlobalSection
EndGlobal
